
Microsoft Visual Studio Solution File, Format Version 12.00
# Visual Studio Version 16
VisualStudioVersion = 16.0.29613.14
MinimumVisualStudioVersion = 10.0.40219.1
Project("{FAE04EC0-301F-11D3-BF4B-00C04F79EFBC}") = "Bookman", "Bookman\Bookman.csproj", "{AA484B9A-DDE7-4154-B87F-8D1859B8BA99}"
EndProject
Global
	GlobalSection(SolutionConfigurationPlatforms) = preSolution
		Debug|Any CPU = Debug|Any CPU
		Release|Any CPU = Release|Any CPU
	EndGlobalSection
	GlobalSection(ProjectConfigurationPlatforms) = postSolution
		{AA484B9A-DDE7-4154-B87F-8D1859B8BA99}.Debug|Any CPU.ActiveCfg = Debug|Any CPU
		{AA484B9A-DDE7-4154-B87F-8D1859B8BA99}.Debug|Any CPU.Build.0 = Debug|Any CPU
		{AA484B9A-DDE7-4154-B87F-8D1859B8BA99}.Release|Any CPU.ActiveCfg = Release|Any CPU
		{AA484B9A-DDE7-4154-B87F-8D1859B8BA99}.Release|Any CPU.Build.0 = Release|Any CPU
	EndGlobalSection
	GlobalSection(SolutionProperties) = preSolution
		HideSolutionNode = FALSE
	EndGlobalSection
	GlobalSection(ExtensibilityGlobals) = postSolution
		SolutionGuid = {19359085-05BE-4049-8EE1-775CD011AFE2}
	EndGlobalSection
EndGlobal
